
Microsoft Visual Studio Solution File, Format Version 12.00
# Visual Studio 2013
VisualStudioVersion = 12.0.31101.0
MinimumVisualStudioVersion = 10.0.40219.1
Project("{2150E333-8FDC-42A3-9474-1A3956D46DE8}") = "Engine", "Engine", "{54642A3A-F704-479A-943D-E708037832C7}"
EndProject
Project("{2150E333-8FDC-42A3-9474-1A3956D46DE8}") = "Games", "Games", "{81A25D2A-5F81-4AD0-A413-835361DEA45E}"
EndProject
Project("{8BC9CEB8-8B4A-11D0-8D11-00A0C91BC942}") = "HypnoToad", "Intermediate\ProjectFiles\HypnoToad.vcxproj", "{5261B49E-3DC4-4FED-B9D5-96F0550DD450}"
EndProject
Project("{8BC9CEB8-8B4A-11D0-8D11-00A0C91BC942}") = "UE4", "Intermediate\ProjectFiles\UE4.vcxproj", "{99CB5FA4-73B8-4BB5-A74A-801BC2483171}"
EndProject
Global
	GlobalSection(SolutionConfigurationPlatforms) = preSolution
		DebugGame Editor|Windows = DebugGame Editor|Windows
		DebugGame|Windows = DebugGame|Windows
		Development Editor|Windows = Development Editor|Windows
		Development|Windows = Development|Windows
		Shipping|Windows = Shipping|Windows
	EndGlobalSection
	GlobalSection(ProjectConfigurationPlatforms) = postSolution
		{5261B49E-3DC4-4FED-B9D5-96F0550DD450}.DebugGame Editor|Windows.ActiveCfg = DebugGame_Editor|x64
		{5261B49E-3DC4-4FED-B9D5-96F0550DD450}.DebugGame Editor|Windows.Build.0 = DebugGame_Editor|x64
		{5261B49E-3DC4-4FED-B9D5-96F0550DD450}.DebugGame|Windows.ActiveCfg = DebugGame_Game|x64
		{5261B49E-3DC4-4FED-B9D5-96F0550DD450}.DebugGame|Windows.Build.0 = DebugGame_Game|x64
		{5261B49E-3DC4-4FED-B9D5-96F0550DD450}.Development Editor|Windows.ActiveCfg = Development_Editor|x64
		{5261B49E-3DC4-4FED-B9D5-96F0550DD450}.Development Editor|Windows.Build.0 = Development_Editor|x64
		{5261B49E-3DC4-4FED-B9D5-96F0550DD450}.Development|Windows.ActiveCfg = Development_Game|x64
		{5261B49E-3DC4-4FED-B9D5-96F0550DD450}.Development|Windows.Build.0 = Development_Game|x64
		{5261B49E-3DC4-4FED-B9D5-96F0550DD450}.Shipping|Windows.ActiveCfg = Shipping_Game|Win32
		{5261B49E-3DC4-4FED-B9D5-96F0550DD450}.Shipping|Windows.Build.0 = Shipping_Game|Win32
		{99CB5FA4-73B8-4BB5-A74A-801BC2483171}.DebugGame Editor|Windows.ActiveCfg = BuiltWithUnrealBuildTool|Win32
		{99CB5FA4-73B8-4BB5-A74A-801BC2483171}.DebugGame|Windows.ActiveCfg = BuiltWithUnrealBuildTool|Win32
		{99CB5FA4-73B8-4BB5-A74A-801BC2483171}.Development Editor|Windows.ActiveCfg = BuiltWithUnrealBuildTool|Win32
		{99CB5FA4-73B8-4BB5-A74A-801BC2483171}.Development|Windows.ActiveCfg = BuiltWithUnrealBuildTool|Win32
		{99CB5FA4-73B8-4BB5-A74A-801BC2483171}.Shipping|Windows.ActiveCfg = BuiltWithUnrealBuildTool|Win32
	EndGlobalSection
	GlobalSection(SolutionProperties) = preSolution
		HideSolutionNode = FALSE
	EndGlobalSection
	GlobalSection(NestedProjects) = preSolution
		{5261B49E-3DC4-4FED-B9D5-96F0550DD450} = {81A25D2A-5F81-4AD0-A413-835361DEA45E}
		{99CB5FA4-73B8-4BB5-A74A-801BC2483171} = {54642A3A-F704-479A-943D-E708037832C7}
	EndGlobalSection
EndGlobal
